
Microsoft Visual Studio Solution File, Format Version 12.00
# Visual Studio Version 17
VisualStudioVersion = 17.14.36301.6 d17.14
MinimumVisualStudioVersion = 10.0.40219.1
Project("{8BC9CEB8-8B4A-11D0-8D11-00A0C91BC942}") = "25MCS0030_CAO_LAB", "25MCS0030_CAO_LAB\25MCS0030_CAO_LAB.vcxproj", "{3FFB92CA-34AA-44B4-956E-ABA83272406F}"
EndProject
Global
	GlobalSection(SolutionConfigurationPlatforms) = preSolution
		Debug|x64 = Debug|x64
		Debug|x86 = Debug|x86
		Release|x64 = Release|x64
		Release|x86 = Release|x86
	EndGlobalSection
	GlobalSection(ProjectConfigurationPlatforms) = postSolution
		{3FFB92CA-34AA-44B4-956E-ABA83272406F}.Debug|x64.ActiveCfg = Debug|x64
		{3FFB92CA-34AA-44B4-956E-ABA83272406F}.Debug|x64.Build.0 = Debug|x64
		{3FFB92CA-34AA-44B4-956E-ABA83272406F}.Debug|x86.ActiveCfg = Debug|Win32
		{3FFB92CA-34AA-44B4-956E-ABA83272406F}.Debug|x86.Build.0 = Debug|Win32
		{3FFB92CA-34AA-44B4-956E-ABA83272406F}.Release|x64.ActiveCfg = Release|x64
		{3FFB92CA-34AA-44B4-956E-ABA83272406F}.Release|x64.Build.0 = Release|x64
		{3FFB92CA-34AA-44B4-956E-ABA83272406F}.Release|x86.ActiveCfg = Release|Win32
		{3FFB92CA-34AA-44B4-956E-ABA83272406F}.Release|x86.Build.0 = Release|Win32
	EndGlobalSection
	GlobalSection(SolutionProperties) = preSolution
		HideSolutionNode = FALSE
	EndGlobalSection
	GlobalSection(ExtensibilityGlobals) = postSolution
		SolutionGuid = {7E437D7C-DA75-44E5-81E3-DCF3E1E792DB}
	EndGlobalSection
EndGlobal
